
Microsoft Visual Studio Solution File, Format Version 12.00
# Visual Studio Version 16
VisualStudioVersion = 16.0.31624.102
MinimumVisualStudioVersion = 10.0.40219.1
Project("{FAE04EC0-301F-11D3-BF4B-00C04F79EFBC}") = "POE.Assessment.WPF", "POE.Assessment.WPF\POE.Assessment.WPF.csproj", "{BD4B92A8-CDD8-483E-9A07-8ECBFFC925E4}"
EndProject
Project("{2150E333-8FDC-42A3-9474-1A3956D46DE8}") = "Libraries", "Libraries", "{8F1A5DF9-CD64-4AAC-AD0D-7B29A63A0989}"
EndProject
Project("{FAE04EC0-301F-11D3-BF4B-00C04F79EFBC}") = "POE.Assessment.Common", "POE.Assessment.Common\POE.Assessment.Common.csproj", "{0B37D5F3-1B37-4228-AE66-0AB240A55E2C}"
EndProject
Project("{FAE04EC0-301F-11D3-BF4B-00C04F79EFBC}") = "POE.Assessment.DataAccess", "POE.Assessment.DataAccess\POE.Assessment.DataAccess.csproj", "{D4AB2FF8-2779-4AC6-8F79-16CE6EE4DF7A}"
EndProject
Project("{FAE04EC0-301F-11D3-BF4B-00C04F79EFBC}") = "POE.Assessment.ViewModel", "POE.Assessment.ViewModel\POE.Assessment.ViewModel.csproj", "{057FF846-989B-4851-9300-701FF89CBF77}"
EndProject
Global
	GlobalSection(SolutionConfigurationPlatforms) = preSolution
		Debug|Any CPU = Debug|Any CPU
		Release|Any CPU = Release|Any CPU
	EndGlobalSection
	GlobalSection(ProjectConfigurationPlatforms) = postSolution
		{BD4B92A8-CDD8-483E-9A07-8ECBFFC925E4}.Debug|Any CPU.ActiveCfg = Debug|Any CPU
		{BD4B92A8-CDD8-483E-9A07-8ECBFFC925E4}.Debug|Any CPU.Build.0 = Debug|Any CPU
		{BD4B92A8-CDD8-483E-9A07-8ECBFFC925E4}.Release|Any CPU.ActiveCfg = Release|Any CPU
		{BD4B92A8-CDD8-483E-9A07-8ECBFFC925E4}.Release|Any CPU.Build.0 = Release|Any CPU
		{0B37D5F3-1B37-4228-AE66-0AB240A55E2C}.Debug|Any CPU.ActiveCfg = Debug|Any CPU
		{0B37D5F3-1B37-4228-AE66-0AB240A55E2C}.Debug|Any CPU.Build.0 = Debug|Any CPU
		{0B37D5F3-1B37-4228-AE66-0AB240A55E2C}.Release|Any CPU.ActiveCfg = Release|Any CPU
		{0B37D5F3-1B37-4228-AE66-0AB240A55E2C}.Release|Any CPU.Build.0 = Release|Any CPU
		{D4AB2FF8-2779-4AC6-8F79-16CE6EE4DF7A}.Debug|Any CPU.ActiveCfg = Debug|Any CPU
		{D4AB2FF8-2779-4AC6-8F79-16CE6EE4DF7A}.Debug|Any CPU.Build.0 = Debug|Any CPU
		{D4AB2FF8-2779-4AC6-8F79-16CE6EE4DF7A}.Release|Any CPU.ActiveCfg = Release|Any CPU
		{D4AB2FF8-2779-4AC6-8F79-16CE6EE4DF7A}.Release|Any CPU.Build.0 = Release|Any CPU
		{057FF846-989B-4851-9300-701FF89CBF77}.Debug|Any CPU.ActiveCfg = Debug|Any CPU
		{057FF846-989B-4851-9300-701FF89CBF77}.Debug|Any CPU.Build.0 = Debug|Any CPU
		{057FF846-989B-4851-9300-701FF89CBF77}.Release|Any CPU.ActiveCfg = Release|Any CPU
		{057FF846-989B-4851-9300-701FF89CBF77}.Release|Any CPU.Build.0 = Release|Any CPU
	EndGlobalSection
	GlobalSection(SolutionProperties) = preSolution
		HideSolutionNode = FALSE
	EndGlobalSection
	GlobalSection(NestedProjects) = preSolution
		{0B37D5F3-1B37-4228-AE66-0AB240A55E2C} = {8F1A5DF9-CD64-4AAC-AD0D-7B29A63A0989}
		{D4AB2FF8-2779-4AC6-8F79-16CE6EE4DF7A} = {8F1A5DF9-CD64-4AAC-AD0D-7B29A63A0989}
		{057FF846-989B-4851-9300-701FF89CBF77} = {8F1A5DF9-CD64-4AAC-AD0D-7B29A63A0989}
	EndGlobalSection
	GlobalSection(ExtensibilityGlobals) = postSolution
		SolutionGuid = {4FE7DE7F-3F6E-4E32-8E5C-B416FC83C21C}
	EndGlobalSection
EndGlobal
